
Microsoft Visual Studio Solution File, Format Version 12.00
# Visual Studio 14
VisualStudioVersion = 14.0.24720.0
MinimumVisualStudioVersion = 10.0.40219.1
Project("{2150E333-8FDC-42A3-9474-1A3956D46DE8}") = "MySelf_Model", "MySelf_Model", "{8DCC74E7-1C7A-495B-935A-C7CAAA563398}"
EndProject
Project("{2150E333-8FDC-42A3-9474-1A3956D46DE8}") = "MySelf_DAL", "MySelf_DAL", "{392029CF-3BCC-4997-ACB7-439360F04FCA}"
EndProject
Project("{2150E333-8FDC-42A3-9474-1A3956D46DE8}") = "MySelf_BLL", "MySelf_BLL", "{0EAE7D25-5839-42CC-B72C-41CA830B34F8}"
EndProject
Project("{2150E333-8FDC-42A3-9474-1A3956D46DE8}") = "MySelf_UI", "MySelf_UI", "{9237C49C-8017-47A9-B275-C786516EB4C6}"
EndProject
Project("{FAE04EC0-301F-11D3-BF4B-00C04F79EFBC}") = "MySelf_DataModel", "MySelfDataModel\MySelf_DataModel.csproj", "{09021C0F-F33F-4DD5-A190-71755DEA9F88}"
EndProject
Project("{FAE04EC0-301F-11D3-BF4B-00C04F79EFBC}") = "MySelft_DataFactory", "MySelft_DataFactory\MySelft_DataFactory.csproj", "{1D826ED5-DE82-4E19-A65F-68F2A09FB289}"
EndProject
Project("{2150E333-8FDC-42A3-9474-1A3956D46DE8}") = "MySelf_UnitTest", "MySelf_UnitTest", "{4976F04B-89AF-4225-89B2-76A6449B24EC}"
EndProject
Project("{FAE04EC0-301F-11D3-BF4B-00C04F79EFBC}") = "UnitTest", "UnitTest\UnitTest.csproj", "{3E63402E-543F-493A-8C42-4252F2A4C66A}"
EndProject
Project("{FAE04EC0-301F-11D3-BF4B-00C04F79EFBC}") = "MySelf_DataDAL", "MySelf_DataDAL\MySelf_DataDAL.csproj", "{433C17B3-8FCF-4144-94F6-5520D4F215CC}"
EndProject
Project("{FAE04EC0-301F-11D3-BF4B-00C04F79EFBC}") = "MySelf_DataBLL", "MySelf_DataBLL\MySelf_DataBLL.csproj", "{C9FEE3A1-2324-4B27-9541-637840807BA2}"
EndProject
Project("{FAE04EC0-301F-11D3-BF4B-00C04F79EFBC}") = "MySelf_MVCUI", "MySelf_MVCUI\MySelf_MVCUI.csproj", "{ED72D2B9-1BFC-475F-ADD6-69EE88C2EFEB}"
EndProject
Global
	GlobalSection(SolutionConfigurationPlatforms) = preSolution
		Debug|Any CPU = Debug|Any CPU
		Release|Any CPU = Release|Any CPU
	EndGlobalSection
	GlobalSection(ProjectConfigurationPlatforms) = postSolution
		{09021C0F-F33F-4DD5-A190-71755DEA9F88}.Debug|Any CPU.ActiveCfg = Debug|Any CPU
		{09021C0F-F33F-4DD5-A190-71755DEA9F88}.Debug|Any CPU.Build.0 = Debug|Any CPU
		{09021C0F-F33F-4DD5-A190-71755DEA9F88}.Release|Any CPU.ActiveCfg = Release|Any CPU
		{09021C0F-F33F-4DD5-A190-71755DEA9F88}.Release|Any CPU.Build.0 = Release|Any CPU
		{1D826ED5-DE82-4E19-A65F-68F2A09FB289}.Debug|Any CPU.ActiveCfg = Debug|Any CPU
		{1D826ED5-DE82-4E19-A65F-68F2A09FB289}.Debug|Any CPU.Build.0 = Debug|Any CPU
		{1D826ED5-DE82-4E19-A65F-68F2A09FB289}.Release|Any CPU.ActiveCfg = Release|Any CPU
		{1D826ED5-DE82-4E19-A65F-68F2A09FB289}.Release|Any CPU.Build.0 = Release|Any CPU
		{3E63402E-543F-493A-8C42-4252F2A4C66A}.Debug|Any CPU.ActiveCfg = Debug|Any CPU
		{3E63402E-543F-493A-8C42-4252F2A4C66A}.Debug|Any CPU.Build.0 = Debug|Any CPU
		{3E63402E-543F-493A-8C42-4252F2A4C66A}.Release|Any CPU.ActiveCfg = Release|Any CPU
		{3E63402E-543F-493A-8C42-4252F2A4C66A}.Release|Any CPU.Build.0 = Release|Any CPU
		{433C17B3-8FCF-4144-94F6-5520D4F215CC}.Debug|Any CPU.ActiveCfg = Debug|Any CPU
		{433C17B3-8FCF-4144-94F6-5520D4F215CC}.Debug|Any CPU.Build.0 = Debug|Any CPU
		{433C17B3-8FCF-4144-94F6-5520D4F215CC}.Release|Any CPU.ActiveCfg = Release|Any CPU
		{433C17B3-8FCF-4144-94F6-5520D4F215CC}.Release|Any CPU.Build.0 = Release|Any CPU
		{C9FEE3A1-2324-4B27-9541-637840807BA2}.Debug|Any CPU.ActiveCfg = Debug|Any CPU
		{C9FEE3A1-2324-4B27-9541-637840807BA2}.Debug|Any CPU.Build.0 = Debug|Any CPU
		{C9FEE3A1-2324-4B27-9541-637840807BA2}.Release|Any CPU.ActiveCfg = Release|Any CPU
		{C9FEE3A1-2324-4B27-9541-637840807BA2}.Release|Any CPU.Build.0 = Release|Any CPU
		{ED72D2B9-1BFC-475F-ADD6-69EE88C2EFEB}.Debug|Any CPU.ActiveCfg = Debug|Any CPU
		{ED72D2B9-1BFC-475F-ADD6-69EE88C2EFEB}.Debug|Any CPU.Build.0 = Debug|Any CPU
		{ED72D2B9-1BFC-475F-ADD6-69EE88C2EFEB}.Release|Any CPU.ActiveCfg = Release|Any CPU
		{ED72D2B9-1BFC-475F-ADD6-69EE88C2EFEB}.Release|Any CPU.Build.0 = Release|Any CPU
	EndGlobalSection
	GlobalSection(SolutionProperties) = preSolution
		HideSolutionNode = FALSE
	EndGlobalSection
	GlobalSection(NestedProjects) = preSolution
		{09021C0F-F33F-4DD5-A190-71755DEA9F88} = {8DCC74E7-1C7A-495B-935A-C7CAAA563398}
		{1D826ED5-DE82-4E19-A65F-68F2A09FB289} = {392029CF-3BCC-4997-ACB7-439360F04FCA}
		{3E63402E-543F-493A-8C42-4252F2A4C66A} = {4976F04B-89AF-4225-89B2-76A6449B24EC}
		{433C17B3-8FCF-4144-94F6-5520D4F215CC} = {392029CF-3BCC-4997-ACB7-439360F04FCA}
		{C9FEE3A1-2324-4B27-9541-637840807BA2} = {0EAE7D25-5839-42CC-B72C-41CA830B34F8}
		{ED72D2B9-1BFC-475F-ADD6-69EE88C2EFEB} = {9237C49C-8017-47A9-B275-C786516EB4C6}
	EndGlobalSection
EndGlobal
